
Microsoft Visual Studio Solution File, Format Version 12.00
# Visual Studio Version 16
VisualStudioVersion = 16.0.34031.81
MinimumVisualStudioVersion = 10.0.40219.1
Project("{F184B08F-C81C-45F6-A57F-5ABD9991F28F}") = "Youtube Video to Music", "Youtube Video to Music.vbproj", "{C70FE807-AE4B-45B0-A775-064656B1572C}"
EndProject
Global
	GlobalSection(SolutionConfigurationPlatforms) = preSolution
		Debug|Any CPU = Debug|Any CPU
		Release|Any CPU = Release|Any CPU
	EndGlobalSection
	GlobalSection(ProjectConfigurationPlatforms) = postSolution
		{C70FE807-AE4B-45B0-A775-064656B1572C}.Debug|Any CPU.ActiveCfg = Debug|Any CPU
		{C70FE807-AE4B-45B0-A775-064656B1572C}.Debug|Any CPU.Build.0 = Debug|Any CPU
		{C70FE807-AE4B-45B0-A775-064656B1572C}.Release|Any CPU.ActiveCfg = Release|Any CPU
		{C70FE807-AE4B-45B0-A775-064656B1572C}.Release|Any CPU.Build.0 = Release|Any CPU
	EndGlobalSection
	GlobalSection(SolutionProperties) = preSolution
		HideSolutionNode = FALSE
	EndGlobalSection
	GlobalSection(ExtensibilityGlobals) = postSolution
		SolutionGuid = {F248E8F0-6D1F-4607-B08F-1C4C6D00E683}
	EndGlobalSection
EndGlobal
